// !$*UTF8*$!
{
	archiveVersion = 1;
	classes = {
	};
	objectVersion = 55;
	objects = {

/* Begin PBXBuildFile section */
		03CFBCD2273ED4A1001BDDB3 /* SwiftStudyAsyncAwaitApp.swift in Sources */ = {isa = PBXBuildFile; fileRef = 03CFBCD1273ED4A1001BDDB3 /* SwiftStudyAsyncAwaitApp.swift */; };
		03CFBCD4273ED4A1001BDDB3 /* ContentView.swift in Sources */ = {isa = PBXBuildFile; fileRef = 03CFBCD3273ED4A1001BDDB3 /* ContentView.swift */; };
		03CFBCD6273ED4A2001BDDB3 /* Assets.xcassets in Resources */ = {isa = PBXBuildFile; fileRef = 03CFBCD5273ED4A2001BDDB3 /* Assets.xcassets */; };
		03CFBCD9273ED4A2001BDDB3 /* Preview Assets.xcassets in Resources */ = {isa = PBXBuildFile; fileRef = 03CFBCD8273ED4A2001BDDB3 /* Preview Assets.xcassets */; };
		03CFBCE3273ED4A2001BDDB3 /* SwiftStudyAsyncAwaitTests.swift in Sources */ = {isa = PBXBuildFile; fileRef = 03CFBCE2273ED4A2001BDDB3 /* SwiftStudyAsyncAwaitTests.swift */; };
		03CFBCED273ED4A2001BDDB3 /* SwiftStudyAsyncAwaitUITests.swift in Sources */ = {isa = PBXBuildFile; fileRef = 03CFBCEC273ED4A2001BDDB3 /* SwiftStudyAsyncAwaitUITests.swift */; };
		03CFBCEF273ED4A2001BDDB3 /* SwiftStudyAsyncAwaitUITestsLaunchTests.swift in Sources */ = {isa = PBXBuildFile; fileRef = 03CFBCEE273ED4A2001BDDB3 /* SwiftStudyAsyncAwaitUITestsLaunchTests.swift */; };
		03CFBCFC273F17CC001BDDB3 /* API.swift in Sources */ = {isa = PBXBuildFile; fileRef = 03CFBCFB273F17CC001BDDB3 /* API.swift */; };
		03CFBCFE273F19BB001BDDB3 /* CatsView.swift in Sources */ = {isa = PBXBuildFile; fileRef = 03CFBCFD273F19BB001BDDB3 /* CatsView.swift */; };
		03CFBD00273F2460001BDDB3 /* PickImage.swift in Sources */ = {isa = PBXBuildFile; fileRef = 03CFBCFF273F2460001BDDB3 /* PickImage.swift */; };
/* End PBXBuildFile section */

/* Begin PBXContainerItemProxy section */
		03CFBCDF273ED4A2001BDDB3 /* PBXContainerItemProxy */ = {
			isa = PBXContainerItemProxy;
			containerPortal = 03CFBCC6273ED4A1001BDDB3 /* Project object */;
			proxyType = 1;
			remoteGlobalIDString = 03CFBCCD273ED4A1001BDDB3;
			remoteInfo = SwiftStudyAsyncAwait;
		};
		03CFBCE9273ED4A2001BDDB3 /* PBXContainerItemProxy */ = {
			isa = PBXContainerItemProxy;
			containerPortal = 03CFBCC6273ED4A1001BDDB3 /* Project object */;
			proxyType = 1;
			remoteGlobalIDString = 03CFBCCD273ED4A1001BDDB3;
			remoteInfo = SwiftStudyAsyncAwait;
		};
/* End PBXContainerItemProxy section */

/* Begin PBXFileReference section */
		03CFBCCE273ED4A1001BDDB3 /* SwiftStudyAsyncAwait.app */ = {isa = PBXFileReference; explicitFileType = wrapper.application; includeInIndex = 0; path = SwiftStudyAsyncAwait.app; sourceTree = BUILT_PRODUCTS_DIR; };
		03CFBCD1273ED4A1001BDDB3 /* SwiftStudyAsyncAwaitApp.swift */ = {isa = PBXFileReference; lastKnownFileType = sourcecode.swift; path = SwiftStudyAsyncAwaitApp.swift; sourceTree = "<group>"; };
		03CFBCD3273ED4A1001BDDB3 /* ContentView.swift */ = {isa = PBXFileReference; lastKnownFileType = sourcecode.swift; path = ContentView.swift; sourceTree = "<group>"; };
		03CFBCD5273ED4A2001BDDB3 /* Assets.xcassets */ = {isa = PBXFileReference; lastKnownFileType = folder.assetcatalog; path = Assets.xcassets; sourceTree = "<group>"; };
		03CFBCD8273ED4A2001BDDB3 /* Preview Assets.xcassets */ = {isa = PBXFileReference; lastKnownFileType = folder.assetcatalog; path = "Preview Assets.xcassets"; sourceTree = "<group>"; };
		03CFBCDE273ED4A2001BDDB3 /* SwiftStudyAsyncAwaitTests.xctest */ = {isa = PBXFileReference; explicitFileType = wrapper.cfbundle; includeInIndex = 0; path = SwiftStudyAsyncAwaitTests.xctest; sourceTree = BUILT_PRODUCTS_DIR; };
		03CFBCE2273ED4A2001BDDB3 /* SwiftStudyAsyncAwaitTests.swift */ = {isa = PBXFileReference; lastKnownFileType = sourcecode.swift; path = SwiftStudyAsyncAwaitTests.swift; sourceTree = "<group>"; };
		03CFBCE8273ED4A2001BDDB3 /* SwiftStudyAsyncAwaitUITests.xctest */ = {isa = PBXFileReference; explicitFileType = wrapper.cfbundle; includeInIndex = 0; path = SwiftStudyAsyncAwaitUITests.xctest; sourceTree = BUILT_PRODUCTS_DIR; };
		03CFBCEC273ED4A2001BDDB3 /* SwiftStudyAsyncAwaitUITests.swift */ = {isa = PBXFileReference; lastKnownFileType = sourcecode.swift; path = SwiftStudyAsyncAwaitUITests.swift; sourceTree = "<group>"; };
		03CFBCEE273ED4A2001BDDB3 /* SwiftStudyAsyncAwaitUITestsLaunchTests.swift */ = {isa = PBXFileReference; lastKnownFileType = sourcecode.swift; path = SwiftStudyAsyncAwaitUITestsLaunchTests.swift; sourceTree = "<group>"; };
		03CFBCFB273F17CC001BDDB3 /* API.swift */ = {isa = PBXFileReference; lastKnownFileType = sourcecode.swift; path = API.swift; sourceTree = "<group>"; };
		03CFBCFD273F19BB001BDDB3 /* CatsView.swift */ = {isa = PBXFileReference; lastKnownFileType = sourcecode.swift; path = CatsView.swift; sourceTree = "<group>"; };
		03CFBCFF273F2460001BDDB3 /* PickImage.swift */ = {isa = PBXFileReference; lastKnownFileType = sourcecode.swift; path = PickImage.swift; sourceTree = "<group>"; };
/* End PBXFileReference section */

/* Begin PBXFrameworksBuildPhase section */
		03CFBCCB273ED4A1001BDDB3 /* Frameworks */ = {
			isa = PBXFrameworksBuildPhase;
			buildActionMask = 2147483647;
			files = (
			);
			runOnlyForDeploymentPostprocessing = 0;
		};
		03CFBCDB273ED4A2001BDDB3 /* Frameworks */ = {
			isa = PBXFrameworksBuildPhase;
			buildActionMask = 2147483647;
			files = (
			);
			runOnlyForDeploymentPostprocessing = 0;
		};
		03CFBCE5273ED4A2001BDDB3 /* Frameworks */ = {
			isa = PBXFrameworksBuildPhase;
			buildActionMask = 2147483647;
			files = (
			);
			runOnlyForDeploymentPostprocessing = 0;
		};
/* End PBXFrameworksBuildPhase section */

/* Begin PBXGroup section */
		03CFBCC5273ED4A1001BDDB3 = {
			isa = PBXGroup;
			children = (
				03CFBCD0273ED4A1001BDDB3 /* SwiftStudyAsyncAwait */,
				03CFBCE1273ED4A2001BDDB3 /* SwiftStudyAsyncAwaitTests */,
				03CFBCEB273ED4A2001BDDB3 /* SwiftStudyAsyncAwaitUITests */,
				03CFBCCF273ED4A1001BDDB3 /* Products */,
			);
			sourceTree = "<group>";
		};
		03CFBCCF273ED4A1001BDDB3 /* Products */ = {
			isa = PBXGroup;
			children = (
				03CFBCCE273ED4A1001BDDB3 /* SwiftStudyAsyncAwait.app */,
				03CFBCDE273ED4A2001BDDB3 /* SwiftStudyAsyncAwaitTests.xctest */,
				03CFBCE8273ED4A2001BDDB3 /* SwiftStudyAsyncAwaitUITests.xctest */,
			);
			name = Products;
			sourceTree = "<group>";
		};
		03CFBCD0273ED4A1001BDDB3 /* SwiftStudyAsyncAwait */ = {
			isa = PBXGroup;
			children = (
				03CFBCD1273ED4A1001BDDB3 /* SwiftStudyAsyncAwaitApp.swift */,
				03CFBCD3273ED4A1001BDDB3 /* ContentView.swift */,
				03CFBCFB273F17CC001BDDB3 /* API.swift */,
				03CFBCFD273F19BB001BDDB3 /* CatsView.swift */,
				03CFBCFF273F2460001BDDB3 /* PickImage.swift */,
				03CFBCD5273ED4A2001BDDB3 /* Assets.xcassets */,
				03CFBCD7273ED4A2001BDDB3 /* Preview Content */,
			);
			path = SwiftStudyAsyncAwait;
			sourceTree = "<group>";
		};
		03CFBCD7273ED4A2001BDDB3 /* Preview Content */ = {
			isa = PBXGroup;
			children = (
				03CFBCD8273ED4A2001BDDB3 /* Preview Assets.xcassets */,
			);
			path = "Preview Content";
			sourceTree = "<group>";
		};
		03CFBCE1273ED4A2001BDDB3 /* SwiftStudyAsyncAwaitTests */ = {
			isa = PBXGroup;
			children = (
				03CFBCE2273ED4A2001BDDB3 /* SwiftStudyAsyncAwaitTests.swift */,
			);
			path = SwiftStudyAsyncAwaitTests;
			sourceTree = "<group>";
		};
		03CFBCEB273ED4A2001BDDB3 /* SwiftStudyAsyncAwaitUITests */ = {
			isa = PBXGroup;
			children = (
				03CFBCEC273ED4A2001BDDB3 /* SwiftStudyAsyncAwaitUITests.swift */,
				03CFBCEE273ED4A2001BDDB3 /* SwiftStudyAsyncAwaitUITestsLaunchTests.swift */,
			);
			path = SwiftStudyAsyncAwaitUITests;
			sourceTree = "<group>";
		};
/* End PBXGroup section */

/* Begin PBXNativeTarget section */
		03CFBCCD273ED4A1001BDDB3 /* SwiftStudyAsyncAwait */ = {
			isa = PBXNativeTarget;
			buildConfigurationList = 03CFBCF2273ED4A2001BDDB3 /* Build configuration list for PBXNativeTarget "SwiftStudyAsyncAwait" */;
			buildPhases = (
				03CFBCCA273ED4A1001BDDB3 /* Sources */,
				03CFBCCB273ED4A1001BDDB3 /* Frameworks */,
				03CFBCCC273ED4A1001BDDB3 /* Resources */,
			);
			buildRules = (
			);
			dependencies = (
			);
			name = SwiftStudyAsyncAwait;
			productName = SwiftStudyAsyncAwait;
			productReference = 03CFBCCE273ED4A1001BDDB3 /* SwiftStudyAsyncAwait.app */;
			productType = "com.apple.product-type.application";
		};
		03CFBCDD273ED4A2001BDDB3 /* SwiftStudyAsyncAwaitTests */ = {
			isa = PBXNativeTarget;
			buildConfigurationList = 03CFBCF5273ED4A2001BDDB3 /* Build configuration list for PBXNativeTarget "SwiftStudyAsyncAwaitTests" */;
			buildPhases = (
				03CFBCDA273ED4A2001BDDB3 /* Sources */,
				03CFBCDB273ED4A2001BDDB3 /* Frameworks */,
				03CFBCDC273ED4A2001BDDB3 /* Resources */,
			);
			buildRules = (
			);
			dependencies = (
				03CFBCE0273ED4A2001BDDB3 /* PBXTargetDependency */,
			);
			name = SwiftStudyAsyncAwaitTests;
			productName = SwiftStudyAsyncAwaitTests;
			productReference = 03CFBCDE273ED4A2001BDDB3 /* SwiftStudyAsyncAwaitTests.xctest */;
			productType = "com.apple.product-type.bundle.unit-test";
		};
		03CFBCE7273ED4A2001BDDB3 /* SwiftStudyAsyncAwaitUITests */ = {
			isa = PBXNativeTarget;
			buildConfigurationList = 03CFBCF8273ED4A2001BDDB3 /* Build configuration list for PBXNativeTarget "SwiftStudyAsyncAwaitUITests" */;
			buildPhases = (
				03CFBCE4273ED4A2001BDDB3 /* Sources */,
				03CFBCE5273ED4A2001BDDB3 /* Frameworks */,
				03CFBCE6273ED4A2001BDDB3 /* Resources */,
			);
			buildRules = (
			);
			dependencies = (
				03CFBCEA273ED4A2001BDDB3 /* PBXTargetDependency */,
			);
			name = SwiftStudyAsyncAwaitUITests;
			productName = SwiftStudyAsyncAwaitUITests;
			productReference = 03CFBCE8273ED4A2001BDDB3 /* SwiftStudyAsyncAwaitUITests.xctest */;
			productType = "com.apple.product-type.bundle.ui-testing";
		};
/* End PBXNativeTarget section */

/* Begin PBXProject section */
		03CFBCC6273ED4A1001BDDB3 /* Project object */ = {
			isa = PBXProject;
			attributes = {
				BuildIndependentTargetsInParallel = 1;
				LastSwiftUpdateCheck = 1310;
				LastUpgradeCheck = 1310;
				TargetAttributes = {
					03CFBCCD273ED4A1001BDDB3 = {
						CreatedOnToolsVersion = 13.1;
					};
					03CFBCDD273ED4A2001BDDB3 = {
						CreatedOnToolsVersion = 13.1;
						TestTargetID = 03CFBCCD273ED4A1001BDDB3;
					};
					03CFBCE7273ED4A2001BDDB3 = {
						CreatedOnToolsVersion = 13.1;
						TestTargetID = 03CFBCCD273ED4A1001BDDB3;
					};
				};
			};
			buildConfigurationList = 03CFBCC9273ED4A1001BDDB3 /* Build configuration list for PBXProject "SwiftStudyAsyncAwait" */;
			compatibilityVersion = "Xcode 13.0";
			developmentRegion = en;
			hasScannedForEncodings = 0;
			knownRegions = (
				en,
				Base,
			);
			mainGroup = 03CFBCC5273ED4A1001BDDB3;
			productRefGroup = 03CFBCCF273ED4A1001BDDB3 /* Products */;
			projectDirPath = "";
			projectRoot = "";
			targets = (
				03CFBCCD273ED4A1001BDDB3 /* SwiftStudyAsyncAwait */,
				03CFBCDD273ED4A2001BDDB3 /* SwiftStudyAsyncAwaitTests */,
				03CFBCE7273ED4A2001BDDB3 /* SwiftStudyAsyncAwaitUITests */,
			);
		};
/* End PBXProject section */

/* Begin PBXResourcesBuildPhase section */
		03CFBCCC273ED4A1001BDDB3 /* Resources */ = {
			isa = PBXResourcesBuildPhase;
			buildActionMask = 2147483647;
			files = (
				03CFBCD9273ED4A2001BDDB3 /* Preview Assets.xcassets in Resources */,
				03CFBCD6273ED4A2001BDDB3 /* Assets.xcassets in Resources */,
			);
			runOnlyForDeploymentPostprocessing = 0;
		};
		03CFBCDC273ED4A2001BDDB3 /* Resources */ = {
			isa = PBXResourcesBuildPhase;
			buildActionMask = 2147483647;
			files = (
			);
			runOnlyForDeploymentPostprocessing = 0;
		};
		03CFBCE6273ED4A2001BDDB3 /* Resources */ = {
			isa = PBXResourcesBuildPhase;
			buildActionMask = 2147483647;
			files = (
			);
			runOnlyForDeploymentPostprocessing = 0;
		};
/* End PBXResourcesBuildPhase section */

/* Begin PBXSourcesBuildPhase section */
		03CFBCCA273ED4A1001BDDB3 /* Sources */ = {
			isa = PBXSourcesBuildPhase;
			buildActionMask = 2147483647;
			files = (
				03CFBCD4273ED4A1001BDDB3 /* ContentView.swift in Sources */,
				03CFBCFC273F17CC001BDDB3 /* API.swift in Sources */,
				03CFBCD2273ED4A1001BDDB3 /* SwiftStudyAsyncAwaitApp.swift in Sources */,
				03CFBD00273F2460001BDDB3 /* PickImage.swift in Sources */,
				03CFBCFE273F19BB001BDDB3 /* CatsView.swift in Sources */,
			);
			runOnlyForDeploymentPostprocessing = 0;
		};
		03CFBCDA273ED4A2001BDDB3 /* Sources */ = {
			isa = PBXSourcesBuildPhase;
			buildActionMask = 2147483647;
			files = (
				03CFBCE3273ED4A2001BDDB3 /* SwiftStudyAsyncAwaitTests.swift in Sources */,
			);
			runOnlyForDeploymentPostprocessing = 0;
		};
		03CFBCE4273ED4A2001BDDB3 /* Sources */ = {
			isa = PBXSourcesBuildPhase;
			buildActionMask = 2147483647;
			files = (
				03CFBCEF273ED4A2001BDDB3 /* SwiftStudyAsyncAwaitUITestsLaunchTests.swift in Sources */,
				03CFBCED273ED4A2001BDDB3 /* SwiftStudyAsyncAwaitUITests.swift in Sources */,
			);
			runOnlyForDeploymentPostprocessing = 0;
		};
/* End PBXSourcesBuildPhase section */

/* Begin PBXTargetDependency section */
		03CFBCE0273ED4A2001BDDB3 /* PBXTargetDependency */ = {
			isa = PBXTargetDependency;
			target = 03CFBCCD273ED4A1001BDDB3 /* SwiftStudyAsyncAwait */;
			targetProxy = 03CFBCDF273ED4A2001BDDB3 /* PBXContainerItemProxy */;
		};
		03CFBCEA273ED4A2001BDDB3 /* PBXTargetDependency */ = {
			isa = PBXTargetDependency;
			target = 03CFBCCD273ED4A1001BDDB3 /* SwiftStudyAsyncAwait */;
			targetProxy = 03CFBCE9273ED4A2001BDDB3 /* PBXContainerItemProxy */;
		};
/* End PBXTargetDependency section */

/* Begin XCBuildConfiguration section */
		03CFBCF0273ED4A2001BDDB3 /* Debug */ = {
			isa = XCBuildConfiguration;
			buildSettings = {
				ALWAYS_SEARCH_USER_PATHS = NO;
				CLANG_ANALYZER_NONNULL = YES;
				CLANG_ANALYZER_NUMBER_OBJECT_CONVERSION = YES_AGGRESSIVE;
				CLANG_CXX_LANGUAGE_STANDARD = "gnu++17";
				CLANG_CXX_LIBRARY = "libc++";
				CLANG_ENABLE_MODULES = YES;
				CLANG_ENABLE_OBJC_ARC = YES;
				CLANG_ENABLE_OBJC_WEAK = YES;
				CLANG_WARN_BLOCK_CAPTURE_AUTORELEASING = YES;
				CLANG_WARN_BOOL_CONVERSION = YES;
				CLANG_WARN_COMMA = YES;
				CLANG_WARN_CONSTANT_CONVERSION = YES;
				CLANG_WARN_DEPRECATED_OBJC_IMPLEMENTATIONS = YES;
				CLANG_WARN_DIRECT_OBJC_ISA_USAGE = YES_ERROR;
				CLANG_WARN_DOCUMENTATION_COMMENTS = YES;
				CLANG_WARN_EMPTY_BODY = YES;
				CLANG_WARN_ENUM_CONVERSION = YES;
				CLANG_WARN_INFINITE_RECURSION = YES;
				CLANG_WARN_INT_CONVERSION = YES;
				CLANG_WARN_NON_LITERAL_NULL_CONVERSION = YES;
				CLANG_WARN_OBJC_IMPLICIT_RETAIN_SELF = YES;
				CLANG_WARN_OBJC_LITERAL_CONVERSION = YES;
				CLANG_WARN_OBJC_ROOT_CLASS = YES_ERROR;
				CLANG_WARN_QUOTED_INCLUDE_IN_FRAMEWORK_HEADER = YES;
				CLANG_WARN_RANGE_LOOP_ANALYSIS = YES;
				CLANG_WARN_STRICT_PROTOTYPES = YES;
				CLANG_WARN_SUSPICIOUS_MOVE = YES;
				CLANG_WARN_UNGUARDED_AVAILABILITY = YES_AGGRESSIVE;
				CLANG_WARN_UNREACHABLE_CODE = YES;
				CLANG_WARN__DUPLICATE_METHOD_MATCH = YES;
				COPY_PHASE_STRIP = NO;
				DEBUG_INFORMATION_FORMAT = dwarf;
				ENABLE_STRICT_OBJC_MSGSEND = YES;
				ENABLE_TESTABILITY = YES;
				GCC_C_LANGUAGE_STANDARD = gnu11;
				GCC_DYNAMIC_NO_PIC = NO;
				GCC_NO_COMMON_BLOCKS = YES;
				GCC_OPTIMIZATION_LEVEL = 0;
				GCC_PREPROCESSOR_DEFINITIONS = (
					"DEBUG=1",
					"$(inherited)",
				);
				GCC_WARN_64_TO_32_BIT_CONVERSION = YES;
				GCC_WARN_ABOUT_RETURN_TYPE = YES_ERROR;
				GCC_WARN_UNDECLARED_SELECTOR = YES;
				GCC_WARN_UNINITIALIZED_AUTOS = YES_AGGRESSIVE;
				GCC_WARN_UNUSED_FUNCTION = YES;
				GCC_WARN_UNUSED_VARIABLE = YES;
				IPHONEOS_DEPLOYMENT_TARGET = 15.0;
				MTL_ENABLE_DEBUG_INFO = INCLUDE_SOURCE;
				MTL_FAST_MATH = YES;
				ONLY_ACTIVE_ARCH = YES;
				SDKROOT = iphoneos;
				SWIFT_ACTIVE_COMPILATION_CONDITIONS = DEBUG;
				SWIFT_OPTIMIZATION_LEVEL = "-Onone";
			};
			name = Debug;
		};
		03CFBCF1273ED4A2001BDDB3 /* Release */ = {
			isa = XCBuildConfiguration;
			buildSettings = {
				ALWAYS_SEARCH_USER_PATHS = NO;
				CLANG_ANALYZER_NONNULL = YES;
				CLANG_ANALYZER_NUMBER_OBJECT_CONVERSION = YES_AGGRESSIVE;
				CLANG_CXX_LANGUAGE_STANDARD = "gnu++17";
				CLANG_CXX_LIBRARY = "libc++";
				CLANG_ENABLE_MODULES = YES;
				CLANG_ENABLE_OBJC_ARC = YES;
				CLANG_ENABLE_OBJC_WEAK = YES;
				CLANG_WARN_BLOCK_CAPTURE_AUTORELEASING = YES;
				CLANG_WARN_BOOL_CONVERSION = YES;
				CLANG_WARN_COMMA = YES;
				CLANG_WARN_CONSTANT_CONVERSION = YES;
				CLANG_WARN_DEPRECATED_OBJC_IMPLEMENTATIONS = YES;
				CLANG_WARN_DIRECT_OBJC_ISA_USAGE = YES_ERROR;
				CLANG_WARN_DOCUMENTATION_COMMENTS = YES;
				CLANG_WARN_EMPTY_BODY = YES;
				CLANG_WARN_ENUM_CONVERSION = YES;
				CLANG_WARN_INFINITE_RECURSION = YES;
				CLANG_WARN_INT_CONVERSION = YES;
				CLANG_WARN_NON_LITERAL_NULL_CONVERSION = YES;
				CLANG_WARN_OBJC_IMPLICIT_RETAIN_SELF = YES;
				CLANG_WARN_OBJC_LITERAL_CONVERSION = YES;
				CLANG_WARN_OBJC_ROOT_CLASS = YES_ERROR;
				CLANG_WARN_QUOTED_INCLUDE_IN_FRAMEWORK_HEADER = YES;
				CLANG_WARN_RANGE_LOOP_ANALYSIS = YES;
				CLANG_WARN_STRICT_PROTOTYPES = YES;
				CLANG_WARN_SUSPICIOUS_MOVE = YES;
				CLANG_WARN_UNGUARDED_AVAILABILITY = YES_AGGRESSIVE;
				CLANG_WARN_UNREACHABLE_CODE = YES;
				CLANG_WARN__DUPLICATE_METHOD_MATCH = YES;
				COPY_PHASE_STRIP = NO;
				DEBUG_INFORMATION_FORMAT = "dwarf-with-dsym";
				ENABLE_NS_ASSERTIONS = NO;
				ENABLE_STRICT_OBJC_MSGSEND = YES;
				GCC_C_LANGUAGE_STANDARD = gnu11;
				GCC_NO_COMMON_BLOCKS = YES;
				GCC_WARN_64_TO_32_BIT_CONVERSION = YES;
				GCC_WARN_ABOUT_RETURN_TYPE = YES_ERROR;
				GCC_WARN_UNDECLARED_SELECTOR = YES;
				GCC_WARN_UNINITIALIZED_AUTOS = YES_AGGRESSIVE;
				GCC_WARN_UNUSED_FUNCTION = YES;
				GCC_WARN_UNUSED_VARIABLE = YES;
				IPHONEOS_DEPLOYMENT_TARGET = 15.0;
				MTL_ENABLE_DEBUG_INFO = NO;
				MTL_FAST_MATH = YES;
				SDKROOT = iphoneos;
				SWIFT_COMPILATION_MODE = wholemodule;
				SWIFT_OPTIMIZATION_LEVEL = "-O";
				VALIDATE_PRODUCT = YES;
			};
			name = Release;
		};
		03CFBCF3273ED4A2001BDDB3 /* Debug */ = {
			isa = XCBuildConfiguration;
			buildSettings = {
				ASSETCATALOG_COMPILER_APPICON_NAME = AppIcon;
				ASSETCATALOG_COMPILER_GLOBAL_ACCENT_COLOR_NAME = AccentColor;
				CODE_SIGN_STYLE = Automatic;
				CURRENT_PROJECT_VERSION = 1;
				DEVELOPMENT_ASSET_PATHS = "\"SwiftStudyAsyncAwait/Preview Content\"";
				DEVELOPMENT_TEAM = NNTV3ZQR3E;
				ENABLE_PREVIEWS = YES;
				GENERATE_INFOPLIST_FILE = YES;
				INFOPLIST_KEY_UIApplicationSceneManifest_Generation = YES;
				INFOPLIST_KEY_UIApplicationSupportsIndirectInputEvents = YES;
				INFOPLIST_KEY_UILaunchScreen_Generation = YES;
				INFOPLIST_KEY_UISupportedInterfaceOrientations_iPad = "UIInterfaceOrientationPortrait UIInterfaceOrientationPortraitUpsideDown UIInterfaceOrientationLandscapeLeft UIInterfaceOrientationLandscapeRight";
				INFOPLIST_KEY_UISupportedInterfaceOrientations_iPhone = "UIInterfaceOrientationPortrait UIInterfaceOrientationLandscapeLeft UIInterfaceOrientationLandscapeRight";
				LD_RUNPATH_SEARCH_PATHS = (
					"$(inherited)",
					"@executable_path/Frameworks",
				);
				MARKETING_VERSION = 1.0;
				PRODUCT_BUNDLE_IDENTIFIER = dev.swiftid.SwiftStudyAsyncAwait;
				PRODUCT_NAME = "$(TARGET_NAME)";
				SWIFT_EMIT_LOC_STRINGS = YES;
				SWIFT_VERSION = 5.0;
				TARGETED_DEVICE_FAMILY = "1,2";
			};
			name = Debug;
		};
		03CFBCF4273ED4A2001BDDB3 /* Release */ = {
			isa = XCBuildConfiguration;
			buildSettings = {
				ASSETCATALOG_COMPILER_APPICON_NAME = AppIcon;
				ASSETCATALOG_COMPILER_GLOBAL_ACCENT_COLOR_NAME = AccentColor;
				CODE_SIGN_STYLE = Automatic;
				CURRENT_PROJECT_VERSION = 1;
				DEVELOPMENT_ASSET_PATHS = "\"SwiftStudyAsyncAwait/Preview Content\"";
				DEVELOPMENT_TEAM = NNTV3ZQR3E;
				ENABLE_PREVIEWS = YES;
				GENERATE_INFOPLIST_FILE = YES;
				INFOPLIST_KEY_UIApplicationSceneManifest_Generation = YES;
				INFOPLIST_KEY_UIApplicationSupportsIndirectInputEvents = YES;
				INFOPLIST_KEY_UILaunchScreen_Generation = YES;
				INFOPLIST_KEY_UISupportedInterfaceOrientations_iPad = "UIInterfaceOrientationPortrait UIInterfaceOrientationPortraitUpsideDown UIInterfaceOrientationLandscapeLeft UIInterfaceOrientationLandscapeRight";
				INFOPLIST_KEY_UISupportedInterfaceOrientations_iPhone = "UIInterfaceOrientationPortrait UIInterfaceOrientationLandscapeLeft UIInterfaceOrientationLandscapeRight";
				LD_RUNPATH_SEARCH_PATHS = (
					"$(inherited)",
					"@executable_path/Frameworks",
				);
				MARKETING_VERSION = 1.0;
				PRODUCT_BUNDLE_IDENTIFIER = dev.swiftid.SwiftStudyAsyncAwait;
				PRODUCT_NAME = "$(TARGET_NAME)";
				SWIFT_EMIT_LOC_STRINGS = YES;
				SWIFT_VERSION = 5.0;
				TARGETED_DEVICE_FAMILY = "1,2";
			};
			name = Release;
		};
		03CFBCF6273ED4A2001BDDB3 /* Debug */ = {
			isa = XCBuildConfiguration;
			buildSettings = {
				ALWAYS_EMBED_SWIFT_STANDARD_LIBRARIES = YES;
				BUNDLE_LOADER = "$(TEST_HOST)";
				CODE_SIGN_STYLE = Automatic;
				CURRENT_PROJECT_VERSION = 1;
				DEVELOPMENT_TEAM = NNTV3ZQR3E;
				GENERATE_INFOPLIST_FILE = YES;
				IPHONEOS_DEPLOYMENT_TARGET = 15.0;
				LD_RUNPATH_SEARCH_PATHS = (
					"$(inherited)",
					"@executable_path/Frameworks",
					"@loader_path/Frameworks",
				);
				MARKETING_VERSION = 1.0;
				PRODUCT_BUNDLE_IDENTIFIER = dev.swiftid.SwiftStudyAsyncAwaitTests;
				PRODUCT_NAME = "$(TARGET_NAME)";
				SWIFT_EMIT_LOC_STRINGS = NO;
				SWIFT_VERSION = 5.0;
				TARGETED_DEVICE_FAMILY = "1,2";
				TEST_HOST = "$(BUILT_PRODUCTS_DIR)/SwiftStudyAsyncAwait.app/SwiftStudyAsyncAwait";
			};
			name = Debug;
		};
		03CFBCF7273ED4A2001BDDB3 /* Release */ = {
			isa = XCBuildConfiguration;
			buildSettings = {
				ALWAYS_EMBED_SWIFT_STANDARD_LIBRARIES = YES;
				BUNDLE_LOADER = "$(TEST_HOST)";
				CODE_SIGN_STYLE = Automatic;
				CURRENT_PROJECT_VERSION = 1;
				DEVELOPMENT_TEAM = NNTV3ZQR3E;
				GENERATE_INFOPLIST_FILE = YES;
				IPHONEOS_DEPLOYMENT_TARGET = 15.0;
				LD_RUNPATH_SEARCH_PATHS = (
					"$(inherited)",
					"@executable_path/Frameworks",
					"@loader_path/Frameworks",
				);
				MARKETING_VERSION = 1.0;
				PRODUCT_BUNDLE_IDENTIFIER = dev.swiftid.SwiftStudyAsyncAwaitTests;
				PRODUCT_NAME = "$(TARGET_NAME)";
				SWIFT_EMIT_LOC_STRINGS = NO;
				SWIFT_VERSION = 5.0;
				TARGETED_DEVICE_FAMILY = "1,2";
				TEST_HOST = "$(BUILT_PRODUCTS_DIR)/SwiftStudyAsyncAwait.app/SwiftStudyAsyncAwait";
			};
			name = Release;
		};
		03CFBCF9273ED4A2001BDDB3 /* Debug */ = {
			isa = XCBuildConfiguration;
			buildSettings = {
				ALWAYS_EMBED_SWIFT_STANDARD_LIBRARIES = YES;
				CODE_SIGN_STYLE = Automatic;
				CURRENT_PROJECT_VERSION = 1;
				DEVELOPMENT_TEAM = NNTV3ZQR3E;
				GENERATE_INFOPLIST_FILE = YES;
				LD_RUNPATH_SEARCH_PATHS = (
					"$(inherited)",
					"@executable_path/Frameworks",
					"@loader_path/Frameworks",
				);
				MARKETING_VERSION = 1.0;
				PRODUCT_BUNDLE_IDENTIFIER = dev.swiftid.SwiftStudyAsyncAwaitUITests;
				PRODUCT_NAME = "$(TARGET_NAME)";
				SWIFT_EMIT_LOC_STRINGS = NO;
				SWIFT_VERSION = 5.0;
				TARGETED_DEVICE_FAMILY = "1,2";
				TEST_TARGET_NAME = SwiftStudyAsyncAwait;
			};
			name = Debug;
		};
		03CFBCFA273ED4A2001BDDB3 /* Release */ = {
			isa = XCBuildConfiguration;
			buildSettings = {
				ALWAYS_EMBED_SWIFT_STANDARD_LIBRARIES = YES;
				CODE_SIGN_STYLE = Automatic;
				CURRENT_PROJECT_VERSION = 1;
				DEVELOPMENT_TEAM = NNTV3ZQR3E;
				GENERATE_INFOPLIST_FILE = YES;
				LD_RUNPATH_SEARCH_PATHS = (
					"$(inherited)",
					"@executable_path/Frameworks",
					"@loader_path/Frameworks",
				);
				MARKETING_VERSION = 1.0;
				PRODUCT_BUNDLE_IDENTIFIER = dev.swiftid.SwiftStudyAsyncAwaitUITests;
				PRODUCT_NAME = "$(TARGET_NAME)";
				SWIFT_EMIT_LOC_STRINGS = NO;
				SWIFT_VERSION = 5.0;
				TARGETED_DEVICE_FAMILY = "1,2";
				TEST_TARGET_NAME = SwiftStudyAsyncAwait;
			};
			name = Release;
		};
/* End XCBuildConfiguration section */

/* Begin XCConfigurationList section */
		03CFBCC9273ED4A1001BDDB3 /* Build configuration list for PBXProject "SwiftStudyAsyncAwait" */ = {
			isa = XCConfigurationList;
			buildConfigurations = (
				03CFBCF0273ED4A2001BDDB3 /* Debug */,
				03CFBCF1273ED4A2001BDDB3 /* Release */,
			);
			defaultConfigurationIsVisible = 0;
			defaultConfigurationName = Release;
		};
		03CFBCF2273ED4A2001BDDB3 /* Build configuration list for PBXNativeTarget "SwiftStudyAsyncAwait" */ = {
			isa = XCConfigurationList;
			buildConfigurations = (
				03CFBCF3273ED4A2001BDDB3 /* Debug */,
				03CFBCF4273ED4A2001BDDB3 /* Release */,
			);
			defaultConfigurationIsVisible = 0;
			defaultConfigurationName = Release;
		};
		03CFBCF5273ED4A2001BDDB3 /* Build configuration list for PBXNativeTarget "SwiftStudyAsyncAwaitTests" */ = {
			isa = XCConfigurationList;
			buildConfigurations = (
				03CFBCF6273ED4A2001BDDB3 /* Debug */,
				03CFBCF7273ED4A2001BDDB3 /* Release */,
			);
			defaultConfigurationIsVisible = 0;
			defaultConfigurationName = Release;
		};
		03CFBCF8273ED4A2001BDDB3 /* Build configuration list for PBXNativeTarget "SwiftStudyAsyncAwaitUITests" */ = {
			isa = XCConfigurationList;
			buildConfigurations = (
				03CFBCF9273ED4A2001BDDB3 /* Debug */,
				03CFBCFA273ED4A2001BDDB3 /* Release */,
			);
			defaultConfigurationIsVisible = 0;
			defaultConfigurationName = Release;
		};
/* End XCConfigurationList section */
	};
	rootObject = 03CFBCC6273ED4A1001BDDB3 /* Project object */;
}
